// !$*UTF8*$!
{
	archiveVersion = 1;
	classes = {
	};
	objectVersion = 56;
	objects = {

/* Begin PBXBuildFile section */
		9E1276DE2B82677C0004830E /* AppDelegate.swift in Sources */ = {isa = PBXBuildFile; fileRef = 9E1276DD2B82677C0004830E /* AppDelegate.swift */; };
		9E1276E02B82677C0004830E /* SceneDelegate.swift in Sources */ = {isa = PBXBuildFile; fileRef = 9E1276DF2B82677C0004830E /* SceneDelegate.swift */; };
		9E1276E22B82677C0004830E /* ViewController.swift in Sources */ = {isa = PBXBuildFile; fileRef = 9E1276E12B82677C0004830E /* ViewController.swift */; };
		9E1276E52B82677C0004830E /* Main.storyboard in Resources */ = {isa = PBXBuildFile; fileRef = 9E1276E32B82677C0004830E /* Main.storyboard */; };
		9E1276E82B82677C0004830E /* NYTimesArticles.xcdatamodeld in Sources */ = {isa = PBXBuildFile; fileRef = 9E1276E62B82677C0004830E /* NYTimesArticles.xcdatamodeld */; };
		9E1276EA2B82677D0004830E /* Assets.xcassets in Resources */ = {isa = PBXBuildFile; fileRef = 9E1276E92B82677D0004830E /* Assets.xcassets */; };
		9E1276ED2B82677D0004830E /* LaunchScreen.storyboard in Resources */ = {isa = PBXBuildFile; fileRef = 9E1276EB2B82677D0004830E /* LaunchScreen.storyboard */; };
		9E1276F82B82677E0004830E /* NYTimesArticlesTests.swift in Sources */ = {isa = PBXBuildFile; fileRef = 9E1276F72B82677E0004830E /* NYTimesArticlesTests.swift */; };
		9E1277022B82677E0004830E /* NYTimesArticlesUITests.swift in Sources */ = {isa = PBXBuildFile; fileRef = 9E1277012B82677E0004830E /* NYTimesArticlesUITests.swift */; };
		9E1277042B82677E0004830E /* NYTimesArticlesUITestsLaunchTests.swift in Sources */ = {isa = PBXBuildFile; fileRef = 9E1277032B82677E0004830E /* NYTimesArticlesUITestsLaunchTests.swift */; };
/* End PBXBuildFile section */

/* Begin PBXContainerItemProxy section */
		9E1276F42B82677E0004830E /* PBXContainerItemProxy */ = {
			isa = PBXContainerItemProxy;
			containerPortal = 9E1276D22B82677B0004830E /* Project object */;
			proxyType = 1;
			remoteGlobalIDString = 9E1276D92B82677C0004830E;
			remoteInfo = NYTimesArticles;
		};
		9E1276FE2B82677E0004830E /* PBXContainerItemProxy */ = {
			isa = PBXContainerItemProxy;
			containerPortal = 9E1276D22B82677B0004830E /* Project object */;
			proxyType = 1;
			remoteGlobalIDString = 9E1276D92B82677C0004830E;
			remoteInfo = NYTimesArticles;
		};
/* End PBXContainerItemProxy section */

/* Begin PBXFileReference section */
		9E1276DA2B82677C0004830E /* NYTimesArticles.app */ = {isa = PBXFileReference; explicitFileType = wrapper.application; includeInIndex = 0; path = NYTimesArticles.app; sourceTree = BUILT_PRODUCTS_DIR; };
		9E1276DD2B82677C0004830E /* AppDelegate.swift */ = {isa = PBXFileReference; lastKnownFileType = sourcecode.swift; path = AppDelegate.swift; sourceTree = "<group>"; };
		9E1276DF2B82677C0004830E /* SceneDelegate.swift */ = {isa = PBXFileReference; lastKnownFileType = sourcecode.swift; path = SceneDelegate.swift; sourceTree = "<group>"; };
		9E1276E12B82677C0004830E /* ViewController.swift */ = {isa = PBXFileReference; lastKnownFileType = sourcecode.swift; path = ViewController.swift; sourceTree = "<group>"; };
		9E1276E42B82677C0004830E /* Base */ = {isa = PBXFileReference; lastKnownFileType = file.storyboard; name = Base; path = Base.lproj/Main.storyboard; sourceTree = "<group>"; };
		9E1276E72B82677C0004830E /* NYTimesArticles.xcdatamodel */ = {isa = PBXFileReference; lastKnownFileType = wrapper.xcdatamodel; path = NYTimesArticles.xcdatamodel; sourceTree = "<group>"; };
		9E1276E92B82677D0004830E /* Assets.xcassets */ = {isa = PBXFileReference; lastKnownFileType = folder.assetcatalog; path = Assets.xcassets; sourceTree = "<group>"; };
		9E1276EC2B82677D0004830E /* Base */ = {isa = PBXFileReference; lastKnownFileType = file.storyboard; name = Base; path = Base.lproj/LaunchScreen.storyboard; sourceTree = "<group>"; };
		9E1276EE2B82677D0004830E /* Info.plist */ = {isa = PBXFileReference; lastKnownFileType = text.plist.xml; path = Info.plist; sourceTree = "<group>"; };
		9E1276F32B82677E0004830E /* NYTimesArticlesTests.xctest */ = {isa = PBXFileReference; explicitFileType = wrapper.cfbundle; includeInIndex = 0; path = NYTimesArticlesTests.xctest; sourceTree = BUILT_PRODUCTS_DIR; };
		9E1276F72B82677E0004830E /* NYTimesArticlesTests.swift */ = {isa = PBXFileReference; lastKnownFileType = sourcecode.swift; path = NYTimesArticlesTests.swift; sourceTree = "<group>"; };
		9E1276FD2B82677E0004830E /* NYTimesArticlesUITests.xctest */ = {isa = PBXFileReference; explicitFileType = wrapper.cfbundle; includeInIndex = 0; path = NYTimesArticlesUITests.xctest; sourceTree = BUILT_PRODUCTS_DIR; };
		9E1277012B82677E0004830E /* NYTimesArticlesUITests.swift */ = {isa = PBXFileReference; lastKnownFileType = sourcecode.swift; path = NYTimesArticlesUITests.swift; sourceTree = "<group>"; };
		9E1277032B82677E0004830E /* NYTimesArticlesUITestsLaunchTests.swift */ = {isa = PBXFileReference; lastKnownFileType = sourcecode.swift; path = NYTimesArticlesUITestsLaunchTests.swift; sourceTree = "<group>"; };
/* End PBXFileReference section */

/* Begin PBXFrameworksBuildPhase section */
		9E1276D72B82677C0004830E /* Frameworks */ = {
			isa = PBXFrameworksBuildPhase;
			buildActionMask = 2147483647;
			files = (
			);
			runOnlyForDeploymentPostprocessing = 0;
		};
		9E1276F02B82677E0004830E /* Frameworks */ = {
			isa = PBXFrameworksBuildPhase;
			buildActionMask = 2147483647;
			files = (
			);
			runOnlyForDeploymentPostprocessing = 0;
		};
		9E1276FA2B82677E0004830E /* Frameworks */ = {
			isa = PBXFrameworksBuildPhase;
			buildActionMask = 2147483647;
			files = (
			);
			runOnlyForDeploymentPostprocessing = 0;
		};
/* End PBXFrameworksBuildPhase section */

/* Begin PBXGroup section */
		9E1276D12B82677B0004830E = {
			isa = PBXGroup;
			children = (
				9E1276DC2B82677C0004830E /* NYTimesArticles */,
				9E1276F62B82677E0004830E /* NYTimesArticlesTests */,
				9E1277002B82677E0004830E /* NYTimesArticlesUITests */,
				9E1276DB2B82677C0004830E /* Products */,
			);
			sourceTree = "<group>";
		};
		9E1276DB2B82677C0004830E /* Products */ = {
			isa = PBXGroup;
			children = (
				9E1276DA2B82677C0004830E /* NYTimesArticles.app */,
				9E1276F32B82677E0004830E /* NYTimesArticlesTests.xctest */,
				9E1276FD2B82677E0004830E /* NYTimesArticlesUITests.xctest */,
			);
			name = Products;
			sourceTree = "<group>";
		};
		9E1276DC2B82677C0004830E /* NYTimesArticles */ = {
			isa = PBXGroup;
			children = (
				9E1276DD2B82677C0004830E /* AppDelegate.swift */,
				9E1276DF2B82677C0004830E /* SceneDelegate.swift */,
				9E1276E12B82677C0004830E /* ViewController.swift */,
				9E1276E32B82677C0004830E /* Main.storyboard */,
				9E1276E92B82677D0004830E /* Assets.xcassets */,
				9E1276EB2B82677D0004830E /* LaunchScreen.storyboard */,
				9E1276EE2B82677D0004830E /* Info.plist */,
				9E1276E62B82677C0004830E /* NYTimesArticles.xcdatamodeld */,
			);
			path = NYTimesArticles;
			sourceTree = "<group>";
		};
		9E1276F62B82677E0004830E /* NYTimesArticlesTests */ = {
			isa = PBXGroup;
			children = (
				9E1276F72B82677E0004830E /* NYTimesArticlesTests.swift */,
			);
			path = NYTimesArticlesTests;
			sourceTree = "<group>";
		};
		9E1277002B82677E0004830E /* NYTimesArticlesUITests */ = {
			isa = PBXGroup;
			children = (
				9E1277012B82677E0004830E /* NYTimesArticlesUITests.swift */,
				9E1277032B82677E0004830E /* NYTimesArticlesUITestsLaunchTests.swift */,
			);
			path = NYTimesArticlesUITests;
			sourceTree = "<group>";
		};
/* End PBXGroup section */

/* Begin PBXNativeTarget section */
		9E1276D92B82677C0004830E /* NYTimesArticles */ = {
			isa = PBXNativeTarget;
			buildConfigurationList = 9E1277072B82677E0004830E /* Build configuration list for PBXNativeTarget "NYTimesArticles" */;
			buildPhases = (
				9E1276D62B82677C0004830E /* Sources */,
				9E1276D72B82677C0004830E /* Frameworks */,
				9E1276D82B82677C0004830E /* Resources */,
			);
			buildRules = (
			);
			dependencies = (
			);
			name = NYTimesArticles;
			productName = NYTimesArticles;
			productReference = 9E1276DA2B82677C0004830E /* NYTimesArticles.app */;
			productType = "com.apple.product-type.application";
		};
		9E1276F22B82677E0004830E /* NYTimesArticlesTests */ = {
			isa = PBXNativeTarget;
			buildConfigurationList = 9E12770A2B82677E0004830E /* Build configuration list for PBXNativeTarget "NYTimesArticlesTests" */;
			buildPhases = (
				9E1276EF2B82677E0004830E /* Sources */,
				9E1276F02B82677E0004830E /* Frameworks */,
				9E1276F12B82677E0004830E /* Resources */,
			);
			buildRules = (
			);
			dependencies = (
				9E1276F52B82677E0004830E /* PBXTargetDependency */,
			);
			name = NYTimesArticlesTests;
			productName = NYTimesArticlesTests;
			productReference = 9E1276F32B82677E0004830E /* NYTimesArticlesTests.xctest */;
			productType = "com.apple.product-type.bundle.unit-test";
		};
		9E1276FC2B82677E0004830E /* NYTimesArticlesUITests */ = {
			isa = PBXNativeTarget;
			buildConfigurationList = 9E12770D2B82677E0004830E /* Build configuration list for PBXNativeTarget "NYTimesArticlesUITests" */;
			buildPhases = (
				9E1276F92B82677E0004830E /* Sources */,
				9E1276FA2B82677E0004830E /* Frameworks */,
				9E1276FB2B82677E0004830E /* Resources */,
			);
			buildRules = (
			);
			dependencies = (
				9E1276FF2B82677E0004830E /* PBXTargetDependency */,
			);
			name = NYTimesArticlesUITests;
			productName = NYTimesArticlesUITests;
			productReference = 9E1276FD2B82677E0004830E /* NYTimesArticlesUITests.xctest */;
			productType = "com.apple.product-type.bundle.ui-testing";
		};
/* End PBXNativeTarget section */

/* Begin PBXProject section */
		9E1276D22B82677B0004830E /* Project object */ = {
			isa = PBXProject;
			attributes = {
				BuildIndependentTargetsInParallel = 1;
				LastSwiftUpdateCheck = 1500;
				LastUpgradeCheck = 1500;
				TargetAttributes = {
					9E1276D92B82677C0004830E = {
						CreatedOnToolsVersion = 15.0;
					};
					9E1276F22B82677E0004830E = {
						CreatedOnToolsVersion = 15.0;
						TestTargetID = 9E1276D92B82677C0004830E;
					};
					9E1276FC2B82677E0004830E = {
						CreatedOnToolsVersion = 15.0;
						TestTargetID = 9E1276D92B82677C0004830E;
					};
				};
			};
			buildConfigurationList = 9E1276D52B82677B0004830E /* Build configuration list for PBXProject "NYTimesArticles" */;
			compatibilityVersion = "Xcode 14.0";
			developmentRegion = en;
			hasScannedForEncodings = 0;
			knownRegions = (
				en,
				Base,
			);
			mainGroup = 9E1276D12B82677B0004830E;
			productRefGroup = 9E1276DB2B82677C0004830E /* Products */;
			projectDirPath = "";
			projectRoot = "";
			targets = (
				9E1276D92B82677C0004830E /* NYTimesArticles */,
				9E1276F22B82677E0004830E /* NYTimesArticlesTests */,
				9E1276FC2B82677E0004830E /* NYTimesArticlesUITests */,
			);
		};
/* End PBXProject section */

/* Begin PBXResourcesBuildPhase section */
		9E1276D82B82677C0004830E /* Resources */ = {
			isa = PBXResourcesBuildPhase;
			buildActionMask = 2147483647;
			files = (
				9E1276ED2B82677D0004830E /* LaunchScreen.storyboard in Resources */,
				9E1276EA2B82677D0004830E /* Assets.xcassets in Resources */,
				9E1276E52B82677C0004830E /* Main.storyboard in Resources */,
			);
			runOnlyForDeploymentPostprocessing = 0;
		};
		9E1276F12B82677E0004830E /* Resources */ = {
			isa = PBXResourcesBuildPhase;
			buildActionMask = 2147483647;
			files = (
			);
			runOnlyForDeploymentPostprocessing = 0;
		};
		9E1276FB2B82677E0004830E /* Resources */ = {
			isa = PBXResourcesBuildPhase;
			buildActionMask = 2147483647;
			files = (
			);
			runOnlyForDeploymentPostprocessing = 0;
		};
/* End PBXResourcesBuildPhase section */

/* Begin PBXSourcesBuildPhase section */
		9E1276D62B82677C0004830E /* Sources */ = {
			isa = PBXSourcesBuildPhase;
			buildActionMask = 2147483647;
			files = (
				9E1276E82B82677C0004830E /* NYTimesArticles.xcdatamodeld in Sources */,
				9E1276E22B82677C0004830E /* ViewController.swift in Sources */,
				9E1276DE2B82677C0004830E /* AppDelegate.swift in Sources */,
				9E1276E02B82677C0004830E /* SceneDelegate.swift in Sources */,
			);
			runOnlyForDeploymentPostprocessing = 0;
		};
		9E1276EF2B82677E0004830E /* Sources */ = {
			isa = PBXSourcesBuildPhase;
			buildActionMask = 2147483647;
			files = (
				9E1276F82B82677E0004830E /* NYTimesArticlesTests.swift in Sources */,
			);
			runOnlyForDeploymentPostprocessing = 0;
		};
		9E1276F92B82677E0004830E /* Sources */ = {
			isa = PBXSourcesBuildPhase;
			buildActionMask = 2147483647;
			files = (
				9E1277022B82677E0004830E /* NYTimesArticlesUITests.swift in Sources */,
				9E1277042B82677E0004830E /* NYTimesArticlesUITestsLaunchTests.swift in Sources */,
			);
			runOnlyForDeploymentPostprocessing = 0;
		};
/* End PBXSourcesBuildPhase section */

/* Begin PBXTargetDependency section */
		9E1276F52B82677E0004830E /* PBXTargetDependency */ = {
			isa = PBXTargetDependency;
			target = 9E1276D92B82677C0004830E /* NYTimesArticles */;
			targetProxy = 9E1276F42B82677E0004830E /* PBXContainerItemProxy */;
		};
		9E1276FF2B82677E0004830E /* PBXTargetDependency */ = {
			isa = PBXTargetDependency;
			target = 9E1276D92B82677C0004830E /* NYTimesArticles */;
			targetProxy = 9E1276FE2B82677E0004830E /* PBXContainerItemProxy */;
		};
/* End PBXTargetDependency section */

/* Begin PBXVariantGroup section */
		9E1276E32B82677C0004830E /* Main.storyboard */ = {
			isa = PBXVariantGroup;
			children = (
				9E1276E42B82677C0004830E /* Base */,
			);
			name = Main.storyboard;
			sourceTree = "<group>";
		};
		9E1276EB2B82677D0004830E /* LaunchScreen.storyboard */ = {
			isa = PBXVariantGroup;
			children = (
				9E1276EC2B82677D0004830E /* Base */,
			);
			name = LaunchScreen.storyboard;
			sourceTree = "<group>";
		};
/* End PBXVariantGroup section */

/* Begin XCBuildConfiguration section */
		9E1277052B82677E0004830E /* Debug */ = {
			isa = XCBuildConfiguration;
			buildSettings = {
				ALWAYS_SEARCH_USER_PATHS = NO;
				ASSETCATALOG_COMPILER_GENERATE_SWIFT_ASSET_SYMBOL_EXTENSIONS = YES;
				CLANG_ANALYZER_NONNULL = YES;
				CLANG_ANALYZER_NUMBER_OBJECT_CONVERSION = YES_AGGRESSIVE;
				CLANG_CXX_LANGUAGE_STANDARD = "gnu++20";
				CLANG_ENABLE_MODULES = YES;
				CLANG_ENABLE_OBJC_ARC = YES;
				CLANG_ENABLE_OBJC_WEAK = YES;
				CLANG_WARN_BLOCK_CAPTURE_AUTORELEASING = YES;
				CLANG_WARN_BOOL_CONVERSION = YES;
				CLANG_WARN_COMMA = YES;
				CLANG_WARN_CONSTANT_CONVERSION = YES;
				CLANG_WARN_DEPRECATED_OBJC_IMPLEMENTATIONS = YES;
				CLANG_WARN_DIRECT_OBJC_ISA_USAGE = YES_ERROR;
				CLANG_WARN_DOCUMENTATION_COMMENTS = YES;
				CLANG_WARN_EMPTY_BODY = YES;
				CLANG_WARN_ENUM_CONVERSION = YES;
				CLANG_WARN_INFINITE_RECURSION = YES;
				CLANG_WARN_INT_CONVERSION = YES;
				CLANG_WARN_NON_LITERAL_NULL_CONVERSION = YES;
				CLANG_WARN_OBJC_IMPLICIT_RETAIN_SELF = YES;
				CLANG_WARN_OBJC_LITERAL_CONVERSION = YES;
				CLANG_WARN_OBJC_ROOT_CLASS = YES_ERROR;
				CLANG_WARN_QUOTED_INCLUDE_IN_FRAMEWORK_HEADER = YES;
				CLANG_WARN_RANGE_LOOP_ANALYSIS = YES;
				CLANG_WARN_STRICT_PROTOTYPES = YES;
				CLANG_WARN_SUSPICIOUS_MOVE = YES;
				CLANG_WARN_UNGUARDED_AVAILABILITY = YES_AGGRESSIVE;
				CLANG_WARN_UNREACHABLE_CODE = YES;
				CLANG_WARN__DUPLICATE_METHOD_MATCH = YES;
				COPY_PHASE_STRIP = NO;
				DEBUG_INFORMATION_FORMAT = dwarf;
				ENABLE_STRICT_OBJC_MSGSEND = YES;
				ENABLE_TESTABILITY = YES;
				ENABLE_USER_SCRIPT_SANDBOXING = YES;
				GCC_C_LANGUAGE_STANDARD = gnu17;
				GCC_DYNAMIC_NO_PIC = NO;
				GCC_NO_COMMON_BLOCKS = YES;
				GCC_OPTIMIZATION_LEVEL = 0;
				GCC_PREPROCESSOR_DEFINITIONS = (
					"DEBUG=1",
					"$(inherited)",
				);
				GCC_WARN_64_TO_32_BIT_CONVERSION = YES;
				GCC_WARN_ABOUT_RETURN_TYPE = YES_ERROR;
				GCC_WARN_UNDECLARED_SELECTOR = YES;
				GCC_WARN_UNINITIALIZED_AUTOS = YES_AGGRESSIVE;
				GCC_WARN_UNUSED_FUNCTION = YES;
				GCC_WARN_UNUSED_VARIABLE = YES;
				IPHONEOS_DEPLOYMENT_TARGET = 17.0;
				LOCALIZATION_PREFERS_STRING_CATALOGS = YES;
				MTL_ENABLE_DEBUG_INFO = INCLUDE_SOURCE;
				MTL_FAST_MATH = YES;
				ONLY_ACTIVE_ARCH = YES;
				SDKROOT = iphoneos;
				SWIFT_ACTIVE_COMPILATION_CONDITIONS = "DEBUG $(inherited)";
				SWIFT_OPTIMIZATION_LEVEL = "-Onone";
			};
			name = Debug;
		};
		9E1277062B82677E0004830E /* Release */ = {
			isa = XCBuildConfiguration;
			buildSettings = {
				ALWAYS_SEARCH_USER_PATHS = NO;
				ASSETCATALOG_COMPILER_GENERATE_SWIFT_ASSET_SYMBOL_EXTENSIONS = YES;
				CLANG_ANALYZER_NONNULL = YES;
				CLANG_ANALYZER_NUMBER_OBJECT_CONVERSION = YES_AGGRESSIVE;
				CLANG_CXX_LANGUAGE_STANDARD = "gnu++20";
				CLANG_ENABLE_MODULES = YES;
				CLANG_ENABLE_OBJC_ARC = YES;
				CLANG_ENABLE_OBJC_WEAK = YES;
				CLANG_WARN_BLOCK_CAPTURE_AUTORELEASING = YES;
				CLANG_WARN_BOOL_CONVERSION = YES;
				CLANG_WARN_COMMA = YES;
				CLANG_WARN_CONSTANT_CONVERSION = YES;
				CLANG_WARN_DEPRECATED_OBJC_IMPLEMENTATIONS = YES;
				CLANG_WARN_DIRECT_OBJC_ISA_USAGE = YES_ERROR;
				CLANG_WARN_DOCUMENTATION_COMMENTS = YES;
				CLANG_WARN_EMPTY_BODY = YES;
				CLANG_WARN_ENUM_CONVERSION = YES;
				CLANG_WARN_INFINITE_RECURSION = YES;
				CLANG_WARN_INT_CONVERSION = YES;
				CLANG_WARN_NON_LITERAL_NULL_CONVERSION = YES;
				CLANG_WARN_OBJC_IMPLICIT_RETAIN_SELF = YES;
				CLANG_WARN_OBJC_LITERAL_CONVERSION = YES;
				CLANG_WARN_OBJC_ROOT_CLASS = YES_ERROR;
				CLANG_WARN_QUOTED_INCLUDE_IN_FRAMEWORK_HEADER = YES;
				CLANG_WARN_RANGE_LOOP_ANALYSIS = YES;
				CLANG_WARN_STRICT_PROTOTYPES = YES;
				CLANG_WARN_SUSPICIOUS_MOVE = YES;
				CLANG_WARN_UNGUARDED_AVAILABILITY = YES_AGGRESSIVE;
				CLANG_WARN_UNREACHABLE_CODE = YES;
				CLANG_WARN__DUPLICATE_METHOD_MATCH = YES;
				COPY_PHASE_STRIP = NO;
				DEBUG_INFORMATION_FORMAT = "dwarf-with-dsym";
				ENABLE_NS_ASSERTIONS = NO;
				ENABLE_STRICT_OBJC_MSGSEND = YES;
				ENABLE_USER_SCRIPT_SANDBOXING = YES;
				GCC_C_LANGUAGE_STANDARD = gnu17;
				GCC_NO_COMMON_BLOCKS = YES;
				GCC_WARN_64_TO_32_BIT_CONVERSION = YES;
				GCC_WARN_ABOUT_RETURN_TYPE = YES_ERROR;
				GCC_WARN_UNDECLARED_SELECTOR = YES;
				GCC_WARN_UNINITIALIZED_AUTOS = YES_AGGRESSIVE;
				GCC_WARN_UNUSED_FUNCTION = YES;
				GCC_WARN_UNUSED_VARIABLE = YES;
				IPHONEOS_DEPLOYMENT_TARGET = 17.0;
				LOCALIZATION_PREFERS_STRING_CATALOGS = YES;
				MTL_ENABLE_DEBUG_INFO = NO;
				MTL_FAST_MATH = YES;
				SDKROOT = iphoneos;
				SWIFT_COMPILATION_MODE = wholemodule;
				VALIDATE_PRODUCT = YES;
			};
			name = Release;
		};
		9E1277082B82677E0004830E /* Debug */ = {
			isa = XCBuildConfiguration;
			buildSettings = {
				ASSETCATALOG_COMPILER_APPICON_NAME = AppIcon;
				ASSETCATALOG_COMPILER_GLOBAL_ACCENT_COLOR_NAME = AccentColor;
				CODE_SIGN_STYLE = Automatic;
				CURRENT_PROJECT_VERSION = 1;
				GENERATE_INFOPLIST_FILE = YES;
				INFOPLIST_FILE = NYTimesArticles/Info.plist;
				INFOPLIST_KEY_UIApplicationSupportsIndirectInputEvents = YES;
				INFOPLIST_KEY_UILaunchStoryboardName = LaunchScreen;
				INFOPLIST_KEY_UIMainStoryboardFile = Main;
				INFOPLIST_KEY_UISupportedInterfaceOrientations_iPad = "UIInterfaceOrientationPortrait UIInterfaceOrientationPortraitUpsideDown UIInterfaceOrientationLandscapeLeft UIInterfaceOrientationLandscapeRight";
				INFOPLIST_KEY_UISupportedInterfaceOrientations_iPhone = "UIInterfaceOrientationPortrait UIInterfaceOrientationLandscapeLeft UIInterfaceOrientationLandscapeRight";
				LD_RUNPATH_SEARCH_PATHS = (
					"$(inherited)",
					"@executable_path/Frameworks",
				);
				MARKETING_VERSION = 1.0;
				PRODUCT_BUNDLE_IDENTIFIER = com.nelidavalencia.NYTimesArticles;
				PRODUCT_NAME = "$(TARGET_NAME)";
				SWIFT_EMIT_LOC_STRINGS = YES;
				SWIFT_VERSION = 5.0;
				TARGETED_DEVICE_FAMILY = "1,2";
			};
			name = Debug;
		};
		9E1277092B82677E0004830E /* Release */ = {
			isa = XCBuildConfiguration;
			buildSettings = {
				ASSETCATALOG_COMPILER_APPICON_NAME = AppIcon;
				ASSETCATALOG_COMPILER_GLOBAL_ACCENT_COLOR_NAME = AccentColor;
				CODE_SIGN_STYLE = Automatic;
				CURRENT_PROJECT_VERSION = 1;
				GENERATE_INFOPLIST_FILE = YES;
				INFOPLIST_FILE = NYTimesArticles/Info.plist;
				INFOPLIST_KEY_UIApplicationSupportsIndirectInputEvents = YES;
				INFOPLIST_KEY_UILaunchStoryboardName = LaunchScreen;
				INFOPLIST_KEY_UIMainStoryboardFile = Main;
				INFOPLIST_KEY_UISupportedInterfaceOrientations_iPad = "UIInterfaceOrientationPortrait UIInterfaceOrientationPortraitUpsideDown UIInterfaceOrientationLandscapeLeft UIInterfaceOrientationLandscapeRight";
				INFOPLIST_KEY_UISupportedInterfaceOrientations_iPhone = "UIInterfaceOrientationPortrait UIInterfaceOrientationLandscapeLeft UIInterfaceOrientationLandscapeRight";
				LD_RUNPATH_SEARCH_PATHS = (
					"$(inherited)",
					"@executable_path/Frameworks",
				);
				MARKETING_VERSION = 1.0;
				PRODUCT_BUNDLE_IDENTIFIER = com.nelidavalencia.NYTimesArticles;
				PRODUCT_NAME = "$(TARGET_NAME)";
				SWIFT_EMIT_LOC_STRINGS = YES;
				SWIFT_VERSION = 5.0;
				TARGETED_DEVICE_FAMILY = "1,2";
			};
			name = Release;
		};
		9E12770B2B82677E0004830E /* Debug */ = {
			isa = XCBuildConfiguration;
			buildSettings = {
				ALWAYS_EMBED_SWIFT_STANDARD_LIBRARIES = YES;
				BUNDLE_LOADER = "$(TEST_HOST)";
				CODE_SIGN_STYLE = Automatic;
				CURRENT_PROJECT_VERSION = 1;
				GENERATE_INFOPLIST_FILE = YES;
				IPHONEOS_DEPLOYMENT_TARGET = 17.0;
				MARKETING_VERSION = 1.0;
				PRODUCT_BUNDLE_IDENTIFIER = com.nelidavalencia.NYTimesArticlesTests;
				PRODUCT_NAME = "$(TARGET_NAME)";
				SWIFT_EMIT_LOC_STRINGS = NO;
				SWIFT_VERSION = 5.0;
				TARGETED_DEVICE_FAMILY = "1,2";
				TEST_HOST = "$(BUILT_PRODUCTS_DIR)/NYTimesArticles.app/$(BUNDLE_EXECUTABLE_FOLDER_PATH)/NYTimesArticles";
			};
			name = Debug;
		};
		9E12770C2B82677E0004830E /* Release */ = {
			isa = XCBuildConfiguration;
			buildSettings = {
				ALWAYS_EMBED_SWIFT_STANDARD_LIBRARIES = YES;
				BUNDLE_LOADER = "$(TEST_HOST)";
				CODE_SIGN_STYLE = Automatic;
				CURRENT_PROJECT_VERSION = 1;
				GENERATE_INFOPLIST_FILE = YES;
				IPHONEOS_DEPLOYMENT_TARGET = 17.0;
				MARKETING_VERSION = 1.0;
				PRODUCT_BUNDLE_IDENTIFIER = com.nelidavalencia.NYTimesArticlesTests;
				PRODUCT_NAME = "$(TARGET_NAME)";
				SWIFT_EMIT_LOC_STRINGS = NO;
				SWIFT_VERSION = 5.0;
				TARGETED_DEVICE_FAMILY = "1,2";
				TEST_HOST = "$(BUILT_PRODUCTS_DIR)/NYTimesArticles.app/$(BUNDLE_EXECUTABLE_FOLDER_PATH)/NYTimesArticles";
			};
			name = Release;
		};
		9E12770E2B82677E0004830E /* Debug */ = {
			isa = XCBuildConfiguration;
			buildSettings = {
				ALWAYS_EMBED_SWIFT_STANDARD_LIBRARIES = YES;
				CODE_SIGN_STYLE = Automatic;
				CURRENT_PROJECT_VERSION = 1;
				GENERATE_INFOPLIST_FILE = YES;
				MARKETING_VERSION = 1.0;
				PRODUCT_BUNDLE_IDENTIFIER = com.nelidavalencia.NYTimesArticlesUITests;
				PRODUCT_NAME = "$(TARGET_NAME)";
				SWIFT_EMIT_LOC_STRINGS = NO;
				SWIFT_VERSION = 5.0;
				TARGETED_DEVICE_FAMILY = "1,2";
				TEST_TARGET_NAME = NYTimesArticles;
			};
			name = Debug;
		};
		9E12770F2B82677E0004830E /* Release */ = {
			isa = XCBuildConfiguration;
			buildSettings = {
				ALWAYS_EMBED_SWIFT_STANDARD_LIBRARIES = YES;
				CODE_SIGN_STYLE = Automatic;
				CURRENT_PROJECT_VERSION = 1;
				GENERATE_INFOPLIST_FILE = YES;
				MARKETING_VERSION = 1.0;
				PRODUCT_BUNDLE_IDENTIFIER = com.nelidavalencia.NYTimesArticlesUITests;
				PRODUCT_NAME = "$(TARGET_NAME)";
				SWIFT_EMIT_LOC_STRINGS = NO;
				SWIFT_VERSION = 5.0;
				TARGETED_DEVICE_FAMILY = "1,2";
				TEST_TARGET_NAME = NYTimesArticles;
			};
			name = Release;
		};
/* End XCBuildConfiguration section */

/* Begin XCConfigurationList section */
		9E1276D52B82677B0004830E /* Build configuration list for PBXProject "NYTimesArticles" */ = {
			isa = XCConfigurationList;
			buildConfigurations = (
				9E1277052B82677E0004830E /* Debug */,
				9E1277062B82677E0004830E /* Release */,
			);
			defaultConfigurationIsVisible = 0;
			defaultConfigurationName = Release;
		};
		9E1277072B82677E0004830E /* Build configuration list for PBXNativeTarget "NYTimesArticles" */ = {
			isa = XCConfigurationList;
			buildConfigurations = (
				9E1277082B82677E0004830E /* Debug */,
				9E1277092B82677E0004830E /* Release */,
			);
			defaultConfigurationIsVisible = 0;
			defaultConfigurationName = Release;
		};
		9E12770A2B82677E0004830E /* Build configuration list for PBXNativeTarget "NYTimesArticlesTests" */ = {
			isa = XCConfigurationList;
			buildConfigurations = (
				9E12770B2B82677E0004830E /* Debug */,
				9E12770C2B82677E0004830E /* Release */,
			);
			defaultConfigurationIsVisible = 0;
			defaultConfigurationName = Release;
		};
		9E12770D2B82677E0004830E /* Build configuration list for PBXNativeTarget "NYTimesArticlesUITests" */ = {
			isa = XCConfigurationList;
			buildConfigurations = (
				9E12770E2B82677E0004830E /* Debug */,
				9E12770F2B82677E0004830E /* Release */,
			);
			defaultConfigurationIsVisible = 0;
			defaultConfigurationName = Release;
		};
/* End XCConfigurationList section */

/* Begin XCVersionGroup section */
		9E1276E62B82677C0004830E /* NYTimesArticles.xcdatamodeld */ = {
			isa = XCVersionGroup;
			children = (
				9E1276E72B82677C0004830E /* NYTimesArticles.xcdatamodel */,
			);
			currentVersion = 9E1276E72B82677C0004830E /* NYTimesArticles.xcdatamodel */;
			path = NYTimesArticles.xcdatamodeld;
			sourceTree = "<group>";
			versionGroupType = wrapper.xcdatamodel;
		};
/* End XCVersionGroup section */
	};
	rootObject = 9E1276D22B82677B0004830E /* Project object */;
}
