// !$*UTF8*$!
{
	archiveVersion = 1;
	classes = {
	};
	objectVersion = 56;
	objects = {

/* Begin PBXBuildFile section */
		9E1276DE2B82677C0004830E /* AppDelegate.swift in Sources */ = {isa = PBXBuildFile; fileRef = 9E1276DD2B82677C0004830E /* AppDelegate.swift */; };
		9E1276E02B82677C0004830E /* SceneDelegate.swift in Sources */ = {isa = PBXBuildFile; fileRef = 9E1276DF2B82677C0004830E /* SceneDelegate.swift */; };
		9E1276E82B82677C0004830E /* NYTimesArticles.xcdatamodeld in Sources */ = {isa = PBXBuildFile; fileRef = 9E1276E62B82677C0004830E /* NYTimesArticles.xcdatamodeld */; };
		9E1276EA2B82677D0004830E /* Assets.xcassets in Resources */ = {isa = PBXBuildFile; fileRef = 9E1276E92B82677D0004830E /* Assets.xcassets */; };
		9E1276ED2B82677D0004830E /* LaunchScreen.storyboard in Resources */ = {isa = PBXBuildFile; fileRef = 9E1276EB2B82677D0004830E /* LaunchScreen.storyboard */; };
		9E1277022B82677E0004830E /* NYTimesArticlesUITests.swift in Sources */ = {isa = PBXBuildFile; fileRef = 9E1277012B82677E0004830E /* NYTimesArticlesUITests.swift */; };
		9E1277172B8269B10004830E /* ListPopularItemsView.swift in Sources */ = {isa = PBXBuildFile; fileRef = 9E1277162B8269B10004830E /* ListPopularItemsView.swift */; };
		9E1277192B8269B80004830E /* ListPopularItemsInteractor.swift in Sources */ = {isa = PBXBuildFile; fileRef = 9E1277182B8269B80004830E /* ListPopularItemsInteractor.swift */; };
		9E12771B2B8269C00004830E /* ListPopularItemsPresenter.swift in Sources */ = {isa = PBXBuildFile; fileRef = 9E12771A2B8269C00004830E /* ListPopularItemsPresenter.swift */; };
		9E12771D2B8269CB0004830E /* ListPopularItemsRouter.swift in Sources */ = {isa = PBXBuildFile; fileRef = 9E12771C2B8269CB0004830E /* ListPopularItemsRouter.swift */; };
		9E12771F2B8269DC0004830E /* PopularItemEntity.swift in Sources */ = {isa = PBXBuildFile; fileRef = 9E12771E2B8269DC0004830E /* PopularItemEntity.swift */; };
		9E1277232B8287150004830E /* ArticleCellView.swift in Sources */ = {isa = PBXBuildFile; fileRef = 9E1277222B8287150004830E /* ArticleCellView.swift */; };
		9E1277292B82D1200004830E /* ViewModel.swift in Sources */ = {isa = PBXBuildFile; fileRef = 9E1277282B82D1200004830E /* ViewModel.swift */; };
		9E12772B2B82D2990004830E /* Mapper.swift in Sources */ = {isa = PBXBuildFile; fileRef = 9E12772A2B82D2990004830E /* Mapper.swift */; };
		9E1277312B82EBE20004830E /* DetailArticleView.swift in Sources */ = {isa = PBXBuildFile; fileRef = 9E1277302B82EBE20004830E /* DetailArticleView.swift */; };
		9E1277332B82EBF30004830E /* DetailArticleInteractor.swift in Sources */ = {isa = PBXBuildFile; fileRef = 9E1277322B82EBF30004830E /* DetailArticleInteractor.swift */; };
		9E1277352B82EBFA0004830E /* DetailArticlePresenter.swift in Sources */ = {isa = PBXBuildFile; fileRef = 9E1277342B82EBFA0004830E /* DetailArticlePresenter.swift */; };
		9E1277372B82EC100004830E /* DetailArticleEntity.swift in Sources */ = {isa = PBXBuildFile; fileRef = 9E1277362B82EC100004830E /* DetailArticleEntity.swift */; };
		9E1277392B82EC180004830E /* DetailArticleRouter.swift in Sources */ = {isa = PBXBuildFile; fileRef = 9E1277382B82EC180004830E /* DetailArticleRouter.swift */; };
		9E12773E2B82F6BC0004830E /* DetailViewModel.swift in Sources */ = {isa = PBXBuildFile; fileRef = 9E12773D2B82F6BC0004830E /* DetailViewModel.swift */; };
		9E1277402B82F6E40004830E /* DetailMapper.swift in Sources */ = {isa = PBXBuildFile; fileRef = 9E12773F2B82F6E40004830E /* DetailMapper.swift */; };
		9E1F5AEE2B83AC9D00EA9444 /* DetailArticlePresenterTests.swift in Sources */ = {isa = PBXBuildFile; fileRef = 9E1F5AED2B83AC9D00EA9444 /* DetailArticlePresenterTests.swift */; };
		9E1F5AF02B83AEC400EA9444 /* MockDetailArticle.swift in Sources */ = {isa = PBXBuildFile; fileRef = 9E1F5AEF2B83AEC400EA9444 /* MockDetailArticle.swift */; };
		9EFC91782B83A16A0041A37A /* MockListPopularItems.swift in Sources */ = {isa = PBXBuildFile; fileRef = 9EFC91772B83A16A0041A37A /* MockListPopularItems.swift */; };
		9EFC917A2B83A1A80041A37A /* ListPopularItemsPresenterTests.swift in Sources */ = {isa = PBXBuildFile; fileRef = 9EFC91792B83A1A80041A37A /* ListPopularItemsPresenterTests.swift */; };
/* End PBXBuildFile section */

/* Begin PBXContainerItemProxy section */
		9E1276F42B82677E0004830E /* PBXContainerItemProxy */ = {
			isa = PBXContainerItemProxy;
			containerPortal = 9E1276D22B82677B0004830E /* Project object */;
			proxyType = 1;
			remoteGlobalIDString = 9E1276D92B82677C0004830E;
			remoteInfo = NYTimesArticles;
		};
		9E1276FE2B82677E0004830E /* PBXContainerItemProxy */ = {
			isa = PBXContainerItemProxy;
			containerPortal = 9E1276D22B82677B0004830E /* Project object */;
			proxyType = 1;
			remoteGlobalIDString = 9E1276D92B82677C0004830E;
			remoteInfo = NYTimesArticles;
		};
/* End PBXContainerItemProxy section */

/* Begin PBXFileReference section */
		9E1276DA2B82677C0004830E /* NYTimesArticles.app */ = {isa = PBXFileReference; explicitFileType = wrapper.application; includeInIndex = 0; path = NYTimesArticles.app; sourceTree = BUILT_PRODUCTS_DIR; };
		9E1276DD2B82677C0004830E /* AppDelegate.swift */ = {isa = PBXFileReference; lastKnownFileType = sourcecode.swift; path = AppDelegate.swift; sourceTree = "<group>"; };
		9E1276DF2B82677C0004830E /* SceneDelegate.swift */ = {isa = PBXFileReference; lastKnownFileType = sourcecode.swift; path = SceneDelegate.swift; sourceTree = "<group>"; };
		9E1276E72B82677C0004830E /* NYTimesArticles.xcdatamodel */ = {isa = PBXFileReference; lastKnownFileType = wrapper.xcdatamodel; path = NYTimesArticles.xcdatamodel; sourceTree = "<group>"; };
		9E1276E92B82677D0004830E /* Assets.xcassets */ = {isa = PBXFileReference; lastKnownFileType = folder.assetcatalog; path = Assets.xcassets; sourceTree = "<group>"; };
		9E1276EC2B82677D0004830E /* Base */ = {isa = PBXFileReference; lastKnownFileType = file.storyboard; name = Base; path = Base.lproj/LaunchScreen.storyboard; sourceTree = "<group>"; };
		9E1276EE2B82677D0004830E /* Info.plist */ = {isa = PBXFileReference; lastKnownFileType = text.plist.xml; path = Info.plist; sourceTree = "<group>"; };
		9E1276F32B82677E0004830E /* NYTimesArticlesTests.xctest */ = {isa = PBXFileReference; explicitFileType = wrapper.cfbundle; includeInIndex = 0; path = NYTimesArticlesTests.xctest; sourceTree = BUILT_PRODUCTS_DIR; };
		9E1276FD2B82677E0004830E /* NYTimesArticlesUITests.xctest */ = {isa = PBXFileReference; explicitFileType = wrapper.cfbundle; includeInIndex = 0; path = NYTimesArticlesUITests.xctest; sourceTree = BUILT_PRODUCTS_DIR; };
		9E1277012B82677E0004830E /* NYTimesArticlesUITests.swift */ = {isa = PBXFileReference; lastKnownFileType = sourcecode.swift; path = NYTimesArticlesUITests.swift; sourceTree = "<group>"; };
		9E1277162B8269B10004830E /* ListPopularItemsView.swift */ = {isa = PBXFileReference; lastKnownFileType = sourcecode.swift; path = ListPopularItemsView.swift; sourceTree = "<group>"; };
		9E1277182B8269B80004830E /* ListPopularItemsInteractor.swift */ = {isa = PBXFileReference; lastKnownFileType = sourcecode.swift; path = ListPopularItemsInteractor.swift; sourceTree = "<group>"; };
		9E12771A2B8269C00004830E /* ListPopularItemsPresenter.swift */ = {isa = PBXFileReference; lastKnownFileType = sourcecode.swift; path = ListPopularItemsPresenter.swift; sourceTree = "<group>"; };
		9E12771C2B8269CB0004830E /* ListPopularItemsRouter.swift */ = {isa = PBXFileReference; lastKnownFileType = sourcecode.swift; path = ListPopularItemsRouter.swift; sourceTree = "<group>"; };
		9E12771E2B8269DC0004830E /* PopularItemEntity.swift */ = {isa = PBXFileReference; lastKnownFileType = sourcecode.swift; path = PopularItemEntity.swift; sourceTree = "<group>"; };
		9E1277222B8287150004830E /* ArticleCellView.swift */ = {isa = PBXFileReference; lastKnownFileType = sourcecode.swift; path = ArticleCellView.swift; sourceTree = "<group>"; };
		9E1277282B82D1200004830E /* ViewModel.swift */ = {isa = PBXFileReference; lastKnownFileType = sourcecode.swift; path = ViewModel.swift; sourceTree = "<group>"; };
		9E12772A2B82D2990004830E /* Mapper.swift */ = {isa = PBXFileReference; lastKnownFileType = sourcecode.swift; path = Mapper.swift; sourceTree = "<group>"; };
		9E1277302B82EBE20004830E /* DetailArticleView.swift */ = {isa = PBXFileReference; lastKnownFileType = sourcecode.swift; path = DetailArticleView.swift; sourceTree = "<group>"; };
		9E1277322B82EBF30004830E /* DetailArticleInteractor.swift */ = {isa = PBXFileReference; lastKnownFileType = sourcecode.swift; path = DetailArticleInteractor.swift; sourceTree = "<group>"; };
		9E1277342B82EBFA0004830E /* DetailArticlePresenter.swift */ = {isa = PBXFileReference; lastKnownFileType = sourcecode.swift; path = DetailArticlePresenter.swift; sourceTree = "<group>"; };
		9E1277362B82EC100004830E /* DetailArticleEntity.swift */ = {isa = PBXFileReference; lastKnownFileType = sourcecode.swift; path = DetailArticleEntity.swift; sourceTree = "<group>"; };
		9E1277382B82EC180004830E /* DetailArticleRouter.swift */ = {isa = PBXFileReference; lastKnownFileType = sourcecode.swift; path = DetailArticleRouter.swift; sourceTree = "<group>"; };
		9E12773D2B82F6BC0004830E /* DetailViewModel.swift */ = {isa = PBXFileReference; lastKnownFileType = sourcecode.swift; path = DetailViewModel.swift; sourceTree = "<group>"; };
		9E12773F2B82F6E40004830E /* DetailMapper.swift */ = {isa = PBXFileReference; lastKnownFileType = sourcecode.swift; path = DetailMapper.swift; sourceTree = "<group>"; };
		9E1F5AED2B83AC9D00EA9444 /* DetailArticlePresenterTests.swift */ = {isa = PBXFileReference; lastKnownFileType = sourcecode.swift; path = DetailArticlePresenterTests.swift; sourceTree = "<group>"; };
		9E1F5AEF2B83AEC400EA9444 /* MockDetailArticle.swift */ = {isa = PBXFileReference; lastKnownFileType = sourcecode.swift; path = MockDetailArticle.swift; sourceTree = "<group>"; };
		9EFC91772B83A16A0041A37A /* MockListPopularItems.swift */ = {isa = PBXFileReference; lastKnownFileType = sourcecode.swift; path = MockListPopularItems.swift; sourceTree = "<group>"; };
		9EFC91792B83A1A80041A37A /* ListPopularItemsPresenterTests.swift */ = {isa = PBXFileReference; lastKnownFileType = sourcecode.swift; path = ListPopularItemsPresenterTests.swift; sourceTree = "<group>"; };
/* End PBXFileReference section */

/* Begin PBXFrameworksBuildPhase section */
		9E1276D72B82677C0004830E /* Frameworks */ = {
			isa = PBXFrameworksBuildPhase;
			buildActionMask = 2147483647;
			files = (
			);
			runOnlyForDeploymentPostprocessing = 0;
		};
		9E1276F02B82677E0004830E /* Frameworks */ = {
			isa = PBXFrameworksBuildPhase;
			buildActionMask = 2147483647;
			files = (
			);
			runOnlyForDeploymentPostprocessing = 0;
		};
		9E1276FA2B82677E0004830E /* Frameworks */ = {
			isa = PBXFrameworksBuildPhase;
			buildActionMask = 2147483647;
			files = (
			);
			runOnlyForDeploymentPostprocessing = 0;
		};
/* End PBXFrameworksBuildPhase section */

/* Begin PBXGroup section */
		9E1276D12B82677B0004830E = {
			isa = PBXGroup;
			children = (
				9E1276DC2B82677C0004830E /* NYTimesArticles */,
				9E1277132B8269660004830E /* Resources */,
				9E1277112B8269490004830E /* Utils */,
				9E1277102B8269420004830E /* Theme */,
				9E1276F62B82677E0004830E /* NYTimesArticlesTests */,
				9E1277002B82677E0004830E /* NYTimesArticlesUITests */,
				9E1276DB2B82677C0004830E /* Products */,
			);
			sourceTree = "<group>";
		};
		9E1276DB2B82677C0004830E /* Products */ = {
			isa = PBXGroup;
			children = (
				9E1276DA2B82677C0004830E /* NYTimesArticles.app */,
				9E1276F32B82677E0004830E /* NYTimesArticlesTests.xctest */,
				9E1276FD2B82677E0004830E /* NYTimesArticlesUITests.xctest */,
			);
			name = Products;
			sourceTree = "<group>";
		};
		9E1276DC2B82677C0004830E /* NYTimesArticles */ = {
			isa = PBXGroup;
			children = (
				9E1276EE2B82677D0004830E /* Info.plist */,
				9E1277142B82698E0004830E /* App */,
			);
			path = NYTimesArticles;
			sourceTree = "<group>";
		};
		9E1276F62B82677E0004830E /* NYTimesArticlesTests */ = {
			isa = PBXGroup;
			children = (
				9EFC91762B83A15A0041A37A /* Mock */,
				9EFC91792B83A1A80041A37A /* ListPopularItemsPresenterTests.swift */,
				9E1F5AED2B83AC9D00EA9444 /* DetailArticlePresenterTests.swift */,
			);
			path = NYTimesArticlesTests;
			sourceTree = "<group>";
		};
		9E1277002B82677E0004830E /* NYTimesArticlesUITests */ = {
			isa = PBXGroup;
			children = (
				9E1277012B82677E0004830E /* NYTimesArticlesUITests.swift */,
			);
			path = NYTimesArticlesUITests;
			sourceTree = "<group>";
		};
		9E1277102B8269420004830E /* Theme */ = {
			isa = PBXGroup;
			children = (
			);
			path = Theme;
			sourceTree = "<group>";
		};
		9E1277112B8269490004830E /* Utils */ = {
			isa = PBXGroup;
			children = (
				9E1277212B826A570004830E /* Extensions */,
				9E1277202B826A510004830E /* Data */,
			);
			path = Utils;
			sourceTree = "<group>";
		};
		9E1277122B82694F0004830E /* ConfigureFiles */ = {
			isa = PBXGroup;
			children = (
				9E1276DD2B82677C0004830E /* AppDelegate.swift */,
				9E1276DF2B82677C0004830E /* SceneDelegate.swift */,
				9E1276EB2B82677D0004830E /* LaunchScreen.storyboard */,
			);
			path = ConfigureFiles;
			sourceTree = "<group>";
		};
		9E1277132B8269660004830E /* Resources */ = {
			isa = PBXGroup;
			children = (
				9E1276E92B82677D0004830E /* Assets.xcassets */,
			);
			path = Resources;
			sourceTree = "<group>";
		};
		9E1277142B82698E0004830E /* App */ = {
			isa = PBXGroup;
			children = (
				9E1277152B8269980004830E /* ListPopularItems */,
				9E12772F2B82EBB90004830E /* DetailArticle */,
				9E1277122B82694F0004830E /* ConfigureFiles */,
			);
			path = App;
			sourceTree = "<group>";
		};
		9E1277152B8269980004830E /* ListPopularItems */ = {
			isa = PBXGroup;
			children = (
				9E12773A2B82EE620004830E /* ListPopularItemsView */,
				9E1277182B8269B80004830E /* ListPopularItemsInteractor.swift */,
				9E12771A2B8269C00004830E /* ListPopularItemsPresenter.swift */,
				9E12771E2B8269DC0004830E /* PopularItemEntity.swift */,
				9E12771C2B8269CB0004830E /* ListPopularItemsRouter.swift */,
			);
			path = ListPopularItems;
			sourceTree = "<group>";
		};
		9E1277202B826A510004830E /* Data */ = {
			isa = PBXGroup;
			children = (
				9E1276E62B82677C0004830E /* NYTimesArticles.xcdatamodeld */,
			);
			path = Data;
			sourceTree = "<group>";
		};
		9E1277212B826A570004830E /* Extensions */ = {
			isa = PBXGroup;
			children = (
			);
			path = Extensions;
			sourceTree = "<group>";
		};
		9E1277272B82D1060004830E /* ViewModel */ = {
			isa = PBXGroup;
			children = (
				9E1277282B82D1200004830E /* ViewModel.swift */,
				9E12772A2B82D2990004830E /* Mapper.swift */,
			);
			path = ViewModel;
			sourceTree = "<group>";
		};
		9E12772F2B82EBB90004830E /* DetailArticle */ = {
			isa = PBXGroup;
			children = (
				9E12773C2B82F6A80004830E /* ViewModel */,
				9E1277302B82EBE20004830E /* DetailArticleView.swift */,
				9E1277322B82EBF30004830E /* DetailArticleInteractor.swift */,
				9E1277342B82EBFA0004830E /* DetailArticlePresenter.swift */,
				9E1277362B82EC100004830E /* DetailArticleEntity.swift */,
				9E1277382B82EC180004830E /* DetailArticleRouter.swift */,
			);
			path = DetailArticle;
			sourceTree = "<group>";
		};
		9E12773A2B82EE620004830E /* ListPopularItemsView */ = {
			isa = PBXGroup;
			children = (
				9E1277272B82D1060004830E /* ViewModel */,
				9E12773B2B82EE8A0004830E /* Cell */,
				9E1277162B8269B10004830E /* ListPopularItemsView.swift */,
			);
			path = ListPopularItemsView;
			sourceTree = "<group>";
		};
		9E12773B2B82EE8A0004830E /* Cell */ = {
			isa = PBXGroup;
			children = (
				9E1277222B8287150004830E /* ArticleCellView.swift */,
			);
			path = Cell;
			sourceTree = "<group>";
		};
		9E12773C2B82F6A80004830E /* ViewModel */ = {
			isa = PBXGroup;
			children = (
				9E12773D2B82F6BC0004830E /* DetailViewModel.swift */,
				9E12773F2B82F6E40004830E /* DetailMapper.swift */,
			);
			path = ViewModel;
			sourceTree = "<group>";
		};
		9EFC91762B83A15A0041A37A /* Mock */ = {
			isa = PBXGroup;
			children = (
				9EFC91772B83A16A0041A37A /* MockListPopularItems.swift */,
				9E1F5AEF2B83AEC400EA9444 /* MockDetailArticle.swift */,
			);
			path = Mock;
			sourceTree = "<group>";
		};
/* End PBXGroup section */

/* Begin PBXNativeTarget section */
		9E1276D92B82677C0004830E /* NYTimesArticles */ = {
			isa = PBXNativeTarget;
			buildConfigurationList = 9E1277072B82677E0004830E /* Build configuration list for PBXNativeTarget "NYTimesArticles" */;
			buildPhases = (
				9E1276D62B82677C0004830E /* Sources */,
				9E1276D72B82677C0004830E /* Frameworks */,
				9E1276D82B82677C0004830E /* Resources */,
			);
			buildRules = (
			);
			dependencies = (
			);
			name = NYTimesArticles;
			packageProductDependencies = (
			);
			productName = NYTimesArticles;
			productReference = 9E1276DA2B82677C0004830E /* NYTimesArticles.app */;
			productType = "com.apple.product-type.application";
		};
		9E1276F22B82677E0004830E /* NYTimesArticlesTests */ = {
			isa = PBXNativeTarget;
			buildConfigurationList = 9E12770A2B82677E0004830E /* Build configuration list for PBXNativeTarget "NYTimesArticlesTests" */;
			buildPhases = (
				9E1276EF2B82677E0004830E /* Sources */,
				9E1276F02B82677E0004830E /* Frameworks */,
				9E1276F12B82677E0004830E /* Resources */,
			);
			buildRules = (
			);
			dependencies = (
				9E1276F52B82677E0004830E /* PBXTargetDependency */,
			);
			name = NYTimesArticlesTests;
			productName = NYTimesArticlesTests;
			productReference = 9E1276F32B82677E0004830E /* NYTimesArticlesTests.xctest */;
			productType = "com.apple.product-type.bundle.unit-test";
		};
		9E1276FC2B82677E0004830E /* NYTimesArticlesUITests */ = {
			isa = PBXNativeTarget;
			buildConfigurationList = 9E12770D2B82677E0004830E /* Build configuration list for PBXNativeTarget "NYTimesArticlesUITests" */;
			buildPhases = (
				9E1276F92B82677E0004830E /* Sources */,
				9E1276FA2B82677E0004830E /* Frameworks */,
				9E1276FB2B82677E0004830E /* Resources */,
			);
			buildRules = (
			);
			dependencies = (
				9E1276FF2B82677E0004830E /* PBXTargetDependency */,
			);
			name = NYTimesArticlesUITests;
			productName = NYTimesArticlesUITests;
			productReference = 9E1276FD2B82677E0004830E /* NYTimesArticlesUITests.xctest */;
			productType = "com.apple.product-type.bundle.ui-testing";
		};
/* End PBXNativeTarget section */

/* Begin PBXProject section */
		9E1276D22B82677B0004830E /* Project object */ = {
			isa = PBXProject;
			attributes = {
				BuildIndependentTargetsInParallel = 1;
				LastSwiftUpdateCheck = 1500;
				LastUpgradeCheck = 1500;
				TargetAttributes = {
					9E1276D92B82677C0004830E = {
						CreatedOnToolsVersion = 15.0;
					};
					9E1276F22B82677E0004830E = {
						CreatedOnToolsVersion = 15.0;
						TestTargetID = 9E1276D92B82677C0004830E;
					};
					9E1276FC2B82677E0004830E = {
						CreatedOnToolsVersion = 15.0;
						TestTargetID = 9E1276D92B82677C0004830E;
					};
				};
			};
			buildConfigurationList = 9E1276D52B82677B0004830E /* Build configuration list for PBXProject "NYTimesArticles" */;
			compatibilityVersion = "Xcode 14.0";
			developmentRegion = en;
			hasScannedForEncodings = 0;
			knownRegions = (
				en,
				Base,
			);
			mainGroup = 9E1276D12B82677B0004830E;
			packageReferences = (
				9E1277242B82C69C0004830E /* XCRemoteSwiftPackageReference "Kingfisher" */,
			);
			productRefGroup = 9E1276DB2B82677C0004830E /* Products */;
			projectDirPath = "";
			projectRoot = "";
			targets = (
				9E1276D92B82677C0004830E /* NYTimesArticles */,
				9E1276F22B82677E0004830E /* NYTimesArticlesTests */,
				9E1276FC2B82677E0004830E /* NYTimesArticlesUITests */,
			);
		};
/* End PBXProject section */

/* Begin PBXResourcesBuildPhase section */
		9E1276D82B82677C0004830E /* Resources */ = {
			isa = PBXResourcesBuildPhase;
			buildActionMask = 2147483647;
			files = (
				9E1276ED2B82677D0004830E /* LaunchScreen.storyboard in Resources */,
				9E1276EA2B82677D0004830E /* Assets.xcassets in Resources */,
			);
			runOnlyForDeploymentPostprocessing = 0;
		};
		9E1276F12B82677E0004830E /* Resources */ = {
			isa = PBXResourcesBuildPhase;
			buildActionMask = 2147483647;
			files = (
			);
			runOnlyForDeploymentPostprocessing = 0;
		};
		9E1276FB2B82677E0004830E /* Resources */ = {
			isa = PBXResourcesBuildPhase;
			buildActionMask = 2147483647;
			files = (
			);
			runOnlyForDeploymentPostprocessing = 0;
		};
/* End PBXResourcesBuildPhase section */

/* Begin PBXSourcesBuildPhase section */
		9E1276D62B82677C0004830E /* Sources */ = {
			isa = PBXSourcesBuildPhase;
			buildActionMask = 2147483647;
			files = (
				9E1277332B82EBF30004830E /* DetailArticleInteractor.swift in Sources */,
				9E1277352B82EBFA0004830E /* DetailArticlePresenter.swift in Sources */,
				9E1277292B82D1200004830E /* ViewModel.swift in Sources */,
				9E1277312B82EBE20004830E /* DetailArticleView.swift in Sources */,
				9E1277232B8287150004830E /* ArticleCellView.swift in Sources */,
				9E12771B2B8269C00004830E /* ListPopularItemsPresenter.swift in Sources */,
				9E12771D2B8269CB0004830E /* ListPopularItemsRouter.swift in Sources */,
				9E1277392B82EC180004830E /* DetailArticleRouter.swift in Sources */,
				9E12772B2B82D2990004830E /* Mapper.swift in Sources */,
				9E1277372B82EC100004830E /* DetailArticleEntity.swift in Sources */,
				9E1277192B8269B80004830E /* ListPopularItemsInteractor.swift in Sources */,
				9E1276E82B82677C0004830E /* NYTimesArticles.xcdatamodeld in Sources */,
				9E1277402B82F6E40004830E /* DetailMapper.swift in Sources */,
				9E12773E2B82F6BC0004830E /* DetailViewModel.swift in Sources */,
				9E1277172B8269B10004830E /* ListPopularItemsView.swift in Sources */,
				9E12771F2B8269DC0004830E /* PopularItemEntity.swift in Sources */,
				9E1276DE2B82677C0004830E /* AppDelegate.swift in Sources */,
				9E1276E02B82677C0004830E /* SceneDelegate.swift in Sources */,
			);
			runOnlyForDeploymentPostprocessing = 0;
		};
		9E1276EF2B82677E0004830E /* Sources */ = {
			isa = PBXSourcesBuildPhase;
			buildActionMask = 2147483647;
			files = (
				9EFC917A2B83A1A80041A37A /* ListPopularItemsPresenterTests.swift in Sources */,
				9E1F5AEE2B83AC9D00EA9444 /* DetailArticlePresenterTests.swift in Sources */,
				9EFC91782B83A16A0041A37A /* MockListPopularItems.swift in Sources */,
				9E1F5AF02B83AEC400EA9444 /* MockDetailArticle.swift in Sources */,
			);
			runOnlyForDeploymentPostprocessing = 0;
		};
		9E1276F92B82677E0004830E /* Sources */ = {
			isa = PBXSourcesBuildPhase;
			buildActionMask = 2147483647;
			files = (
				9E1277022B82677E0004830E /* NYTimesArticlesUITests.swift in Sources */,
			);
			runOnlyForDeploymentPostprocessing = 0;
		};
/* End PBXSourcesBuildPhase section */

/* Begin PBXTargetDependency section */
		9E1276F52B82677E0004830E /* PBXTargetDependency */ = {
			isa = PBXTargetDependency;
			target = 9E1276D92B82677C0004830E /* NYTimesArticles */;
			targetProxy = 9E1276F42B82677E0004830E /* PBXContainerItemProxy */;
		};
		9E1276FF2B82677E0004830E /* PBXTargetDependency */ = {
			isa = PBXTargetDependency;
			target = 9E1276D92B82677C0004830E /* NYTimesArticles */;
			targetProxy = 9E1276FE2B82677E0004830E /* PBXContainerItemProxy */;
		};
/* End PBXTargetDependency section */

/* Begin PBXVariantGroup section */
		9E1276EB2B82677D0004830E /* LaunchScreen.storyboard */ = {
			isa = PBXVariantGroup;
			children = (
				9E1276EC2B82677D0004830E /* Base */,
			);
			name = LaunchScreen.storyboard;
			sourceTree = "<group>";
		};
/* End PBXVariantGroup section */

/* Begin XCBuildConfiguration section */
		9E1277052B82677E0004830E /* Debug */ = {
			isa = XCBuildConfiguration;
			buildSettings = {
				ALWAYS_SEARCH_USER_PATHS = NO;
				ASSETCATALOG_COMPILER_GENERATE_SWIFT_ASSET_SYMBOL_EXTENSIONS = YES;
				CLANG_ANALYZER_NONNULL = YES;
				CLANG_ANALYZER_NUMBER_OBJECT_CONVERSION = YES_AGGRESSIVE;
				CLANG_CXX_LANGUAGE_STANDARD = "gnu++20";
				CLANG_ENABLE_MODULES = YES;
				CLANG_ENABLE_OBJC_ARC = YES;
				CLANG_ENABLE_OBJC_WEAK = YES;
				CLANG_WARN_BLOCK_CAPTURE_AUTORELEASING = YES;
				CLANG_WARN_BOOL_CONVERSION = YES;
				CLANG_WARN_COMMA = YES;
				CLANG_WARN_CONSTANT_CONVERSION = YES;
				CLANG_WARN_DEPRECATED_OBJC_IMPLEMENTATIONS = YES;
				CLANG_WARN_DIRECT_OBJC_ISA_USAGE = YES_ERROR;
				CLANG_WARN_DOCUMENTATION_COMMENTS = YES;
				CLANG_WARN_EMPTY_BODY = YES;
				CLANG_WARN_ENUM_CONVERSION = YES;
				CLANG_WARN_INFINITE_RECURSION = YES;
				CLANG_WARN_INT_CONVERSION = YES;
				CLANG_WARN_NON_LITERAL_NULL_CONVERSION = YES;
				CLANG_WARN_OBJC_IMPLICIT_RETAIN_SELF = YES;
				CLANG_WARN_OBJC_LITERAL_CONVERSION = YES;
				CLANG_WARN_OBJC_ROOT_CLASS = YES_ERROR;
				CLANG_WARN_QUOTED_INCLUDE_IN_FRAMEWORK_HEADER = YES;
				CLANG_WARN_RANGE_LOOP_ANALYSIS = YES;
				CLANG_WARN_STRICT_PROTOTYPES = YES;
				CLANG_WARN_SUSPICIOUS_MOVE = YES;
				CLANG_WARN_UNGUARDED_AVAILABILITY = YES_AGGRESSIVE;
				CLANG_WARN_UNREACHABLE_CODE = YES;
				CLANG_WARN__DUPLICATE_METHOD_MATCH = YES;
				COPY_PHASE_STRIP = NO;
				DEBUG_INFORMATION_FORMAT = dwarf;
				ENABLE_STRICT_OBJC_MSGSEND = YES;
				ENABLE_TESTABILITY = YES;
				ENABLE_USER_SCRIPT_SANDBOXING = YES;
				GCC_C_LANGUAGE_STANDARD = gnu17;
				GCC_DYNAMIC_NO_PIC = NO;
				GCC_NO_COMMON_BLOCKS = YES;
				GCC_OPTIMIZATION_LEVEL = 0;
				GCC_PREPROCESSOR_DEFINITIONS = (
					"DEBUG=1",
					"$(inherited)",
				);
				GCC_WARN_64_TO_32_BIT_CONVERSION = YES;
				GCC_WARN_ABOUT_RETURN_TYPE = YES_ERROR;
				GCC_WARN_UNDECLARED_SELECTOR = YES;
				GCC_WARN_UNINITIALIZED_AUTOS = YES_AGGRESSIVE;
				GCC_WARN_UNUSED_FUNCTION = YES;
				GCC_WARN_UNUSED_VARIABLE = YES;
				IPHONEOS_DEPLOYMENT_TARGET = 17.0;
				LOCALIZATION_PREFERS_STRING_CATALOGS = YES;
				MTL_ENABLE_DEBUG_INFO = INCLUDE_SOURCE;
				MTL_FAST_MATH = YES;
				ONLY_ACTIVE_ARCH = YES;
				SDKROOT = iphoneos;
				SWIFT_ACTIVE_COMPILATION_CONDITIONS = "DEBUG $(inherited)";
				SWIFT_OPTIMIZATION_LEVEL = "-Onone";
			};
			name = Debug;
		};
		9E1277062B82677E0004830E /* Release */ = {
			isa = XCBuildConfiguration;
			buildSettings = {
				ALWAYS_SEARCH_USER_PATHS = NO;
				ASSETCATALOG_COMPILER_GENERATE_SWIFT_ASSET_SYMBOL_EXTENSIONS = YES;
				CLANG_ANALYZER_NONNULL = YES;
				CLANG_ANALYZER_NUMBER_OBJECT_CONVERSION = YES_AGGRESSIVE;
				CLANG_CXX_LANGUAGE_STANDARD = "gnu++20";
				CLANG_ENABLE_MODULES = YES;
				CLANG_ENABLE_OBJC_ARC = YES;
				CLANG_ENABLE_OBJC_WEAK = YES;
				CLANG_WARN_BLOCK_CAPTURE_AUTORELEASING = YES;
				CLANG_WARN_BOOL_CONVERSION = YES;
				CLANG_WARN_COMMA = YES;
				CLANG_WARN_CONSTANT_CONVERSION = YES;
				CLANG_WARN_DEPRECATED_OBJC_IMPLEMENTATIONS = YES;
				CLANG_WARN_DIRECT_OBJC_ISA_USAGE = YES_ERROR;
				CLANG_WARN_DOCUMENTATION_COMMENTS = YES;
				CLANG_WARN_EMPTY_BODY = YES;
				CLANG_WARN_ENUM_CONVERSION = YES;
				CLANG_WARN_INFINITE_RECURSION = YES;
				CLANG_WARN_INT_CONVERSION = YES;
				CLANG_WARN_NON_LITERAL_NULL_CONVERSION = YES;
				CLANG_WARN_OBJC_IMPLICIT_RETAIN_SELF = YES;
				CLANG_WARN_OBJC_LITERAL_CONVERSION = YES;
				CLANG_WARN_OBJC_ROOT_CLASS = YES_ERROR;
				CLANG_WARN_QUOTED_INCLUDE_IN_FRAMEWORK_HEADER = YES;
				CLANG_WARN_RANGE_LOOP_ANALYSIS = YES;
				CLANG_WARN_STRICT_PROTOTYPES = YES;
				CLANG_WARN_SUSPICIOUS_MOVE = YES;
				CLANG_WARN_UNGUARDED_AVAILABILITY = YES_AGGRESSIVE;
				CLANG_WARN_UNREACHABLE_CODE = YES;
				CLANG_WARN__DUPLICATE_METHOD_MATCH = YES;
				COPY_PHASE_STRIP = NO;
				DEBUG_INFORMATION_FORMAT = "dwarf-with-dsym";
				ENABLE_NS_ASSERTIONS = NO;
				ENABLE_STRICT_OBJC_MSGSEND = YES;
				ENABLE_USER_SCRIPT_SANDBOXING = YES;
				GCC_C_LANGUAGE_STANDARD = gnu17;
				GCC_NO_COMMON_BLOCKS = YES;
				GCC_WARN_64_TO_32_BIT_CONVERSION = YES;
				GCC_WARN_ABOUT_RETURN_TYPE = YES_ERROR;
				GCC_WARN_UNDECLARED_SELECTOR = YES;
				GCC_WARN_UNINITIALIZED_AUTOS = YES_AGGRESSIVE;
				GCC_WARN_UNUSED_FUNCTION = YES;
				GCC_WARN_UNUSED_VARIABLE = YES;
				IPHONEOS_DEPLOYMENT_TARGET = 17.0;
				LOCALIZATION_PREFERS_STRING_CATALOGS = YES;
				MTL_ENABLE_DEBUG_INFO = NO;
				MTL_FAST_MATH = YES;
				SDKROOT = iphoneos;
				SWIFT_COMPILATION_MODE = wholemodule;
				VALIDATE_PRODUCT = YES;
			};
			name = Release;
		};
		9E1277082B82677E0004830E /* Debug */ = {
			isa = XCBuildConfiguration;
			buildSettings = {
				ASSETCATALOG_COMPILER_APPICON_NAME = AppIcon;
				ASSETCATALOG_COMPILER_GLOBAL_ACCENT_COLOR_NAME = AccentColor;
				CODE_SIGN_STYLE = Automatic;
				CURRENT_PROJECT_VERSION = 1;
				GENERATE_INFOPLIST_FILE = YES;
				INFOPLIST_FILE = NYTimesArticles/Info.plist;
				INFOPLIST_KEY_UIApplicationSupportsIndirectInputEvents = YES;
				INFOPLIST_KEY_UILaunchStoryboardName = LaunchScreen;
				INFOPLIST_KEY_UISupportedInterfaceOrientations = UIInterfaceOrientationPortrait;
				INFOPLIST_KEY_UISupportedInterfaceOrientations_iPad = "UIInterfaceOrientationLandscapeLeft UIInterfaceOrientationLandscapeRight UIInterfaceOrientationPortrait UIInterfaceOrientationPortraitUpsideDown";
				IPHONEOS_DEPLOYMENT_TARGET = 16.0;
				LD_RUNPATH_SEARCH_PATHS = (
					"$(inherited)",
					"@executable_path/Frameworks",
				);
				MARKETING_VERSION = 1.0;
				PRODUCT_BUNDLE_IDENTIFIER = com.nelidavalencia.NYTimesArticles;
				PRODUCT_NAME = "$(TARGET_NAME)";
				SUPPORTED_PLATFORMS = "iphoneos iphonesimulator";
				SUPPORTS_MACCATALYST = NO;
				SUPPORTS_MAC_DESIGNED_FOR_IPHONE_IPAD = NO;
				SWIFT_EMIT_LOC_STRINGS = YES;
				SWIFT_VERSION = 4.0;
				TARGETED_DEVICE_FAMILY = 1;
			};
			name = Debug;
		};
		9E1277092B82677E0004830E /* Release */ = {
			isa = XCBuildConfiguration;
			buildSettings = {
				ASSETCATALOG_COMPILER_APPICON_NAME = AppIcon;
				ASSETCATALOG_COMPILER_GLOBAL_ACCENT_COLOR_NAME = AccentColor;
				CODE_SIGN_STYLE = Automatic;
				CURRENT_PROJECT_VERSION = 1;
				GENERATE_INFOPLIST_FILE = YES;
				INFOPLIST_FILE = NYTimesArticles/Info.plist;
				INFOPLIST_KEY_UIApplicationSupportsIndirectInputEvents = YES;
				INFOPLIST_KEY_UILaunchStoryboardName = LaunchScreen;
				INFOPLIST_KEY_UISupportedInterfaceOrientations = UIInterfaceOrientationPortrait;
				INFOPLIST_KEY_UISupportedInterfaceOrientations_iPad = "UIInterfaceOrientationLandscapeLeft UIInterfaceOrientationLandscapeRight UIInterfaceOrientationPortrait UIInterfaceOrientationPortraitUpsideDown";
				IPHONEOS_DEPLOYMENT_TARGET = 16.0;
				LD_RUNPATH_SEARCH_PATHS = (
					"$(inherited)",
					"@executable_path/Frameworks",
				);
				MARKETING_VERSION = 1.0;
				PRODUCT_BUNDLE_IDENTIFIER = com.nelidavalencia.NYTimesArticles;
				PRODUCT_NAME = "$(TARGET_NAME)";
				SUPPORTED_PLATFORMS = "iphoneos iphonesimulator";
				SUPPORTS_MACCATALYST = NO;
				SUPPORTS_MAC_DESIGNED_FOR_IPHONE_IPAD = NO;
				SWIFT_EMIT_LOC_STRINGS = YES;
				SWIFT_VERSION = 4.0;
				TARGETED_DEVICE_FAMILY = 1;
			};
			name = Release;
		};
		9E12770B2B82677E0004830E /* Debug */ = {
			isa = XCBuildConfiguration;
			buildSettings = {
				ALWAYS_EMBED_SWIFT_STANDARD_LIBRARIES = YES;
				BUNDLE_LOADER = "$(TEST_HOST)";
				CODE_SIGN_STYLE = Automatic;
				CURRENT_PROJECT_VERSION = 1;
				GENERATE_INFOPLIST_FILE = YES;
				IPHONEOS_DEPLOYMENT_TARGET = 17.0;
				MARKETING_VERSION = 1.0;
				PRODUCT_BUNDLE_IDENTIFIER = com.nelidavalencia.NYTimesArticlesTests;
				PRODUCT_NAME = "$(TARGET_NAME)";
				SWIFT_EMIT_LOC_STRINGS = NO;
				SWIFT_VERSION = 5.0;
				TARGETED_DEVICE_FAMILY = "1,2";
				TEST_HOST = "$(BUILT_PRODUCTS_DIR)/NYTimesArticles.app/$(BUNDLE_EXECUTABLE_FOLDER_PATH)/NYTimesArticles";
			};
			name = Debug;
		};
		9E12770C2B82677E0004830E /* Release */ = {
			isa = XCBuildConfiguration;
			buildSettings = {
				ALWAYS_EMBED_SWIFT_STANDARD_LIBRARIES = YES;
				BUNDLE_LOADER = "$(TEST_HOST)";
				CODE_SIGN_STYLE = Automatic;
				CURRENT_PROJECT_VERSION = 1;
				GENERATE_INFOPLIST_FILE = YES;
				IPHONEOS_DEPLOYMENT_TARGET = 17.0;
				MARKETING_VERSION = 1.0;
				PRODUCT_BUNDLE_IDENTIFIER = com.nelidavalencia.NYTimesArticlesTests;
				PRODUCT_NAME = "$(TARGET_NAME)";
				SWIFT_EMIT_LOC_STRINGS = NO;
				SWIFT_VERSION = 5.0;
				TARGETED_DEVICE_FAMILY = "1,2";
				TEST_HOST = "$(BUILT_PRODUCTS_DIR)/NYTimesArticles.app/$(BUNDLE_EXECUTABLE_FOLDER_PATH)/NYTimesArticles";
			};
			name = Release;
		};
		9E12770E2B82677E0004830E /* Debug */ = {
			isa = XCBuildConfiguration;
			buildSettings = {
				ALWAYS_EMBED_SWIFT_STANDARD_LIBRARIES = YES;
				CODE_SIGN_STYLE = Automatic;
				CURRENT_PROJECT_VERSION = 1;
				GENERATE_INFOPLIST_FILE = YES;
				MARKETING_VERSION = 1.0;
				PRODUCT_BUNDLE_IDENTIFIER = com.nelidavalencia.NYTimesArticlesUITests;
				PRODUCT_NAME = "$(TARGET_NAME)";
				SWIFT_EMIT_LOC_STRINGS = NO;
				SWIFT_VERSION = 5.0;
				TARGETED_DEVICE_FAMILY = "1,2";
				TEST_TARGET_NAME = NYTimesArticles;
			};
			name = Debug;
		};
		9E12770F2B82677E0004830E /* Release */ = {
			isa = XCBuildConfiguration;
			buildSettings = {
				ALWAYS_EMBED_SWIFT_STANDARD_LIBRARIES = YES;
				CODE_SIGN_STYLE = Automatic;
				CURRENT_PROJECT_VERSION = 1;
				GENERATE_INFOPLIST_FILE = YES;
				MARKETING_VERSION = 1.0;
				PRODUCT_BUNDLE_IDENTIFIER = com.nelidavalencia.NYTimesArticlesUITests;
				PRODUCT_NAME = "$(TARGET_NAME)";
				SWIFT_EMIT_LOC_STRINGS = NO;
				SWIFT_VERSION = 5.0;
				TARGETED_DEVICE_FAMILY = "1,2";
				TEST_TARGET_NAME = NYTimesArticles;
			};
			name = Release;
		};
/* End XCBuildConfiguration section */

/* Begin XCConfigurationList section */
		9E1276D52B82677B0004830E /* Build configuration list for PBXProject "NYTimesArticles" */ = {
			isa = XCConfigurationList;
			buildConfigurations = (
				9E1277052B82677E0004830E /* Debug */,
				9E1277062B82677E0004830E /* Release */,
			);
			defaultConfigurationIsVisible = 0;
			defaultConfigurationName = Release;
		};
		9E1277072B82677E0004830E /* Build configuration list for PBXNativeTarget "NYTimesArticles" */ = {
			isa = XCConfigurationList;
			buildConfigurations = (
				9E1277082B82677E0004830E /* Debug */,
				9E1277092B82677E0004830E /* Release */,
			);
			defaultConfigurationIsVisible = 0;
			defaultConfigurationName = Release;
		};
		9E12770A2B82677E0004830E /* Build configuration list for PBXNativeTarget "NYTimesArticlesTests" */ = {
			isa = XCConfigurationList;
			buildConfigurations = (
				9E12770B2B82677E0004830E /* Debug */,
				9E12770C2B82677E0004830E /* Release */,
			);
			defaultConfigurationIsVisible = 0;
			defaultConfigurationName = Release;
		};
		9E12770D2B82677E0004830E /* Build configuration list for PBXNativeTarget "NYTimesArticlesUITests" */ = {
			isa = XCConfigurationList;
			buildConfigurations = (
				9E12770E2B82677E0004830E /* Debug */,
				9E12770F2B82677E0004830E /* Release */,
			);
			defaultConfigurationIsVisible = 0;
			defaultConfigurationName = Release;
		};
/* End XCConfigurationList section */

/* Begin XCRemoteSwiftPackageReference section */
		9E1277242B82C69C0004830E /* XCRemoteSwiftPackageReference "Kingfisher" */ = {
			isa = XCRemoteSwiftPackageReference;
			repositoryURL = "https://github.com/onevcat/Kingfisher.git";
			requirement = {
				kind = upToNextMajorVersion;
				minimumVersion = 7.11.0;
			};
		};
/* End XCRemoteSwiftPackageReference section */

/* Begin XCVersionGroup section */
		9E1276E62B82677C0004830E /* NYTimesArticles.xcdatamodeld */ = {
			isa = XCVersionGroup;
			children = (
				9E1276E72B82677C0004830E /* NYTimesArticles.xcdatamodel */,
			);
			currentVersion = 9E1276E72B82677C0004830E /* NYTimesArticles.xcdatamodel */;
			path = NYTimesArticles.xcdatamodeld;
			sourceTree = "<group>";
			versionGroupType = wrapper.xcdatamodel;
		};
/* End XCVersionGroup section */
	};
	rootObject = 9E1276D22B82677B0004830E /* Project object */;
}
